
Microsoft Visual Studio Solution File, Format Version 12.00
# Visual Studio Version 16
VisualStudioVersion = 16.0.30204.135
MinimumVisualStudioVersion = 10.0.40219.1
Project("{FAE04EC0-301F-11D3-BF4B-00C04F79EFBC}") = "LTCSDL_Nhom15", "LTCSDL_Nhom15\LTCSDL_Nhom15.csproj", "{8ECBB732-B5D3-4766-AB24-FF7859617940}"
EndProject
Project("{FAE04EC0-301F-11D3-BF4B-00C04F79EFBC}") = "Nhom15_BLL", "Nhom15_BLL\Nhom15_BLL.csproj", "{8DFB7BB9-06F4-4F68-A1E5-9E57A1733F8B}"
EndProject
Project("{FAE04EC0-301F-11D3-BF4B-00C04F79EFBC}") = "Nhom15_DAL", "Nhom15_DAL\Nhom15_DAL.csproj", "{DD3D9A8E-AEE8-4DC3-A53A-0B9D5036F9CD}"
EndProject
Global
	GlobalSection(SolutionConfigurationPlatforms) = preSolution
		Debug|Any CPU = Debug|Any CPU
		Release|Any CPU = Release|Any CPU
	EndGlobalSection
	GlobalSection(ProjectConfigurationPlatforms) = postSolution
		{8ECBB732-B5D3-4766-AB24-FF7859617940}.Debug|Any CPU.ActiveCfg = Debug|Any CPU
		{8ECBB732-B5D3-4766-AB24-FF7859617940}.Debug|Any CPU.Build.0 = Debug|Any CPU
		{8ECBB732-B5D3-4766-AB24-FF7859617940}.Release|Any CPU.ActiveCfg = Release|Any CPU
		{8ECBB732-B5D3-4766-AB24-FF7859617940}.Release|Any CPU.Build.0 = Release|Any CPU
		{8DFB7BB9-06F4-4F68-A1E5-9E57A1733F8B}.Debug|Any CPU.ActiveCfg = Debug|Any CPU
		{8DFB7BB9-06F4-4F68-A1E5-9E57A1733F8B}.Debug|Any CPU.Build.0 = Debug|Any CPU
		{8DFB7BB9-06F4-4F68-A1E5-9E57A1733F8B}.Release|Any CPU.ActiveCfg = Release|Any CPU
		{8DFB7BB9-06F4-4F68-A1E5-9E57A1733F8B}.Release|Any CPU.Build.0 = Release|Any CPU
		{DD3D9A8E-AEE8-4DC3-A53A-0B9D5036F9CD}.Debug|Any CPU.ActiveCfg = Debug|Any CPU
		{DD3D9A8E-AEE8-4DC3-A53A-0B9D5036F9CD}.Debug|Any CPU.Build.0 = Debug|Any CPU
		{DD3D9A8E-AEE8-4DC3-A53A-0B9D5036F9CD}.Release|Any CPU.ActiveCfg = Release|Any CPU
		{DD3D9A8E-AEE8-4DC3-A53A-0B9D5036F9CD}.Release|Any CPU.Build.0 = Release|Any CPU
	EndGlobalSection
	GlobalSection(SolutionProperties) = preSolution
		HideSolutionNode = FALSE
	EndGlobalSection
	GlobalSection(ExtensibilityGlobals) = postSolution
		SolutionGuid = {A0CC3AEA-52C3-4789-8742-EF72E22FDFFF}
	EndGlobalSection
EndGlobal
